{
  "version": 4,
  "terraform_version": "1.7.5",
  "serial": 43,
  "lineage": "30144ec7-4c3f-8a91-c204-2b763b75d851",
  "outputs": {},
  "resources": [
    {
      "mode": "managed",
      "type": "google_project_service",
      "name": "cloudresourcemanager_service",
      "provider": "provider[\"registry.terraform.io/hashicorp/google\"]",
      "instances": [
        {
          "schema_version": 0,
          "attributes": {
            "disable_dependent_services": null,
            "disable_on_destroy": true,
            "id": "atlis-data-workshop/cloudresourcemanager.googleapis.com",
            "project": "atlis-data-workshop",
            "service": "cloudresourcemanager.googleapis.com",
            "timeouts": {
              "create": "30m",
              "delete": null,
              "read": null,
              "update": "40m"
            }
          },
          "sensitive_attributes": [],
          "private": "eyJlMmJmYjczMC1lY2FhLTExZTYtOGY4OC0zNDM2M2JjN2M0YzAiOnsiY3JlYXRlIjoxODAwMDAwMDAwMDAwLCJkZWxldGUiOjEyMDAwMDAwMDAwMDAsInJlYWQiOjYwMDAwMDAwMDAwMCwidXBkYXRlIjoyNDAwMDAwMDAwMDAwfX0="
        }
      ]
    },
    {
      "mode": "managed",
      "type": "google_project_service",
      "name": "compute_service",
      "provider": "provider[\"registry.terraform.io/hashicorp/google\"]",
      "instances": [
        {
          "schema_version": 0,
          "attributes": {
            "disable_dependent_services": null,
            "disable_on_destroy": true,
            "id": "atlis-data-workshop/compute.googleapis.com",
            "project": "atlis-data-workshop",
            "service": "compute.googleapis.com",
            "timeouts": {
              "create": "30m",
              "delete": null,
              "read": null,
              "update": "40m"
            }
          },
          "sensitive_attributes": [],
          "private": "eyJlMmJmYjczMC1lY2FhLTExZTYtOGY4OC0zNDM2M2JjN2M0YzAiOnsiY3JlYXRlIjoxODAwMDAwMDAwMDAwLCJkZWxldGUiOjEyMDAwMDAwMDAwMDAsInJlYWQiOjYwMDAwMDAwMDAwMCwidXBkYXRlIjoyNDAwMDAwMDAwMDAwfX0="
        }
      ]
    },
    {
      "mode": "managed",
      "type": "google_project_service",
      "name": "iam_service",
      "provider": "provider[\"registry.terraform.io/hashicorp/google\"]",
      "instances": [
        {
          "schema_version": 0,
          "attributes": {
            "disable_dependent_services": null,
            "disable_on_destroy": true,
            "id": "atlis-data-workshop/iam.googleapis.com",
            "project": "atlis-data-workshop",
            "service": "iam.googleapis.com",
            "timeouts": {
              "create": "30m",
              "delete": null,
              "read": null,
              "update": "40m"
            }
          },
          "sensitive_attributes": [],
          "private": "eyJlMmJmYjczMC1lY2FhLTExZTYtOGY4OC0zNDM2M2JjN2M0YzAiOnsiY3JlYXRlIjoxODAwMDAwMDAwMDAwLCJkZWxldGUiOjEyMDAwMDAwMDAwMDAsInJlYWQiOjYwMDAwMDAwMDAwMCwidXBkYXRlIjoyNDAwMDAwMDAwMDAwfX0="
        }
      ]
    },
    {
      "mode": "managed",
      "type": "google_project_service",
      "name": "iap_service",
      "provider": "provider[\"registry.terraform.io/hashicorp/google\"]",
      "instances": [
        {
          "schema_version": 0,
          "attributes": {
            "disable_dependent_services": null,
            "disable_on_destroy": true,
            "id": "atlis-data-workshop/iap.googleapis.com",
            "project": "atlis-data-workshop",
            "service": "iap.googleapis.com",
            "timeouts": null
          },
          "sensitive_attributes": [],
          "private": "eyJlMmJmYjczMC1lY2FhLTExZTYtOGY4OC0zNDM2M2JjN2M0YzAiOnsiY3JlYXRlIjoxMjAwMDAwMDAwMDAwLCJkZWxldGUiOjEyMDAwMDAwMDAwMDAsInJlYWQiOjYwMDAwMDAwMDAwMCwidXBkYXRlIjoxMjAwMDAwMDAwMDAwfX0="
        }
      ]
    },
    {
      "mode": "managed",
      "type": "google_project_service",
      "name": "monitoring_service",
      "provider": "provider[\"registry.terraform.io/hashicorp/google\"]",
      "instances": [
        {
          "schema_version": 0,
          "attributes": {
            "disable_dependent_services": null,
            "disable_on_destroy": true,
            "id": "atlis-data-workshop/monitoring.googleapis.com",
            "project": "atlis-data-workshop",
            "service": "monitoring.googleapis.com",
            "timeouts": {
              "create": "30m",
              "delete": null,
              "read": null,
              "update": "40m"
            }
          },
          "sensitive_attributes": [],
          "private": "eyJlMmJmYjczMC1lY2FhLTExZTYtOGY4OC0zNDM2M2JjN2M0YzAiOnsiY3JlYXRlIjoxODAwMDAwMDAwMDAwLCJkZWxldGUiOjEyMDAwMDAwMDAwMDAsInJlYWQiOjYwMDAwMDAwMDAwMCwidXBkYXRlIjoyNDAwMDAwMDAwMDAwfX0="
        }
      ]
    },
    {
      "mode": "managed",
      "type": "google_project_service",
      "name": "serviceusage_service",
      "provider": "provider[\"registry.terraform.io/hashicorp/google\"]",
      "instances": [
        {
          "schema_version": 0,
          "attributes": {
            "disable_dependent_services": null,
            "disable_on_destroy": true,
            "id": "atlis-data-workshop/serviceusage.googleapis.com",
            "project": "atlis-data-workshop",
            "service": "serviceusage.googleapis.com",
            "timeouts": {
              "create": "30m",
              "delete": null,
              "read": null,
              "update": "40m"
            }
          },
          "sensitive_attributes": [],
          "private": "eyJlMmJmYjczMC1lY2FhLTExZTYtOGY4OC0zNDM2M2JjN2M0YzAiOnsiY3JlYXRlIjoxODAwMDAwMDAwMDAwLCJkZWxldGUiOjEyMDAwMDAwMDAwMDAsInJlYWQiOjYwMDAwMDAwMDAwMCwidXBkYXRlIjoyNDAwMDAwMDAwMDAwfX0="
        }
      ]
    },
    {
      "module": "module.healthChecks",
      "mode": "managed",
      "type": "google_compute_health_check",
      "name": "airbyte-health-check",
      "provider": "module.healthChecks.provider[\"registry.terraform.io/hashicorp/google\"]",
      "instances": [
        {
          "schema_version": 0,
          "attributes": {
            "check_interval_sec": 5,
            "creation_timestamp": "2024-03-27T15:08:14.869-07:00",
            "description": "",
            "grpc_health_check": [],
            "healthy_threshold": 2,
            "http2_health_check": [],
            "http_health_check": [],
            "https_health_check": [],
            "id": "projects/atlis-data-workshop/global/healthChecks/airbyte-health-check",
            "log_config": [
              {
                "enable": false
              }
            ],
            "name": "airbyte-health-check",
            "project": "atlis-data-workshop",
            "self_link": "https://www.googleapis.com/compute/v1/projects/atlis-data-workshop/global/healthChecks/airbyte-health-check",
            "ssl_health_check": [],
            "tcp_health_check": [
              {
                "port": 8000,
                "port_name": "",
                "port_specification": "",
                "proxy_header": "NONE",
                "request": "",
                "response": ""
              }
            ],
            "timeout_sec": 5,
            "timeouts": null,
            "type": "TCP",
            "unhealthy_threshold": 2
          },
          "sensitive_attributes": [],
          "private": "eyJlMmJmYjczMC1lY2FhLTExZTYtOGY4OC0zNDM2M2JjN2M0YzAiOnsiY3JlYXRlIjoxMjAwMDAwMDAwMDAwLCJkZWxldGUiOjEyMDAwMDAwMDAwMDAsInVwZGF0ZSI6MTIwMDAwMDAwMDAwMH19"
        }
      ]
    },
    {
      "module": "module.healthChecks",
      "mode": "managed",
      "type": "google_compute_health_check",
      "name": "metabase-health-check",
      "provider": "module.healthChecks.provider[\"registry.terraform.io/hashicorp/google\"]",
      "instances": [
        {
          "schema_version": 0,
          "attributes": {
            "check_interval_sec": 5,
            "creation_timestamp": "2024-03-27T15:08:15.114-07:00",
            "description": "",
            "grpc_health_check": [],
            "healthy_threshold": 2,
            "http2_health_check": [],
            "http_health_check": [],
            "https_health_check": [],
            "id": "projects/atlis-data-workshop/global/healthChecks/metabase-health-check",
            "log_config": [
              {
                "enable": false
              }
            ],
            "name": "metabase-health-check",
            "project": "atlis-data-workshop",
            "self_link": "https://www.googleapis.com/compute/v1/projects/atlis-data-workshop/global/healthChecks/metabase-health-check",
            "ssl_health_check": [],
            "tcp_health_check": [
              {
                "port": 3000,
                "port_name": "",
                "port_specification": "",
                "proxy_header": "NONE",
                "request": "",
                "response": ""
              }
            ],
            "timeout_sec": 5,
            "timeouts": null,
            "type": "TCP",
            "unhealthy_threshold": 2
          },
          "sensitive_attributes": [],
          "private": "eyJlMmJmYjczMC1lY2FhLTExZTYtOGY4OC0zNDM2M2JjN2M0YzAiOnsiY3JlYXRlIjoxMjAwMDAwMDAwMDAwLCJkZWxldGUiOjEyMDAwMDAwMDAwMDAsInVwZGF0ZSI6MTIwMDAwMDAwMDAwMH19"
        }
      ]
    },
    {
      "module": "module.instances",
      "mode": "managed",
      "type": "google_service_account",
      "name": "default",
      "provider": "module.instances.provider[\"registry.terraform.io/hashicorp/google\"]",
      "instances": [
        {
          "schema_version": 0,
          "attributes": {
            "account_id": "my-custom-sa",
            "description": "",
            "disabled": false,
            "display_name": "Custom SA for VM Instance",
            "email": "my-custom-sa@atlis-data-workshop.iam.gserviceaccount.com",
            "id": "projects/atlis-data-workshop/serviceAccounts/my-custom-sa@atlis-data-workshop.iam.gserviceaccount.com",
            "name": "projects/atlis-data-workshop/serviceAccounts/my-custom-sa@atlis-data-workshop.iam.gserviceaccount.com",
            "project": "atlis-data-workshop",
            "timeouts": null,
            "unique_id": "118246522652308128858"
          },
          "sensitive_attributes": [],
          "private": "eyJlMmJmYjczMC1lY2FhLTExZTYtOGY4OC0zNDM2M2JjN2M0YzAiOnsiY3JlYXRlIjozMDAwMDAwMDAwMDB9fQ=="
        }
      ]
    },
    {
      "module": "module.network",
      "mode": "managed",
      "type": "google_compute_firewall",
      "name": "allow-health-check-airbyte",
      "provider": "module.network.provider[\"registry.terraform.io/hashicorp/google\"]",
      "instances": [
        {
          "schema_version": 1,
          "attributes": {
            "allow": [
              {
                "ports": [
                  "8000"
                ],
                "protocol": "tcp"
              }
            ],
            "creation_timestamp": "2024-03-27T15:08:59.154-07:00",
            "deny": [],
            "description": "",
            "destination_ranges": [],
            "direction": "INGRESS",
            "disabled": false,
            "enable_logging": null,
            "id": "projects/atlis-data-workshop/global/firewalls/allow-health-check-airbyte",
            "log_config": [],
            "name": "allow-health-check-airbyte",
            "network": "https://www.googleapis.com/compute/v1/projects/atlis-data-workshop/global/networks/my-vpc",
            "priority": 1000,
            "project": "atlis-data-workshop",
            "self_link": "https://www.googleapis.com/compute/v1/projects/atlis-data-workshop/global/firewalls/allow-health-check-airbyte",
            "source_ranges": [
              "130.211.0.0/22",
              "35.191.0.0/16"
            ],
            "source_service_accounts": null,
            "source_tags": null,
            "target_service_accounts": null,
            "target_tags": [
              "airbyte"
            ],
            "timeouts": null
          },
          "sensitive_attributes": [],
          "private": "eyJlMmJmYjczMC1lY2FhLTExZTYtOGY4OC0zNDM2M2JjN2M0YzAiOnsiY3JlYXRlIjoxMjAwMDAwMDAwMDAwLCJkZWxldGUiOjEyMDAwMDAwMDAwMDAsInVwZGF0ZSI6MTIwMDAwMDAwMDAwMH0sInNjaGVtYV92ZXJzaW9uIjoiMSJ9",
          "dependencies": [
            "module.network.google_compute_network.vpc",
            "module.network.google_compute_subnetwork.my-custom-subnet"
          ]
        }
      ]
    },
    {
      "module": "module.network",
      "mode": "managed",
      "type": "google_compute_firewall",
      "name": "allow-health-check-metabase",
      "provider": "module.network.provider[\"registry.terraform.io/hashicorp/google\"]",
      "instances": [
        {
          "schema_version": 1,
          "attributes": {
            "allow": [
              {
                "ports": [
                  "3000"
                ],
                "protocol": "tcp"
              }
            ],
            "creation_timestamp": "2024-03-27T15:08:59.120-07:00",
            "deny": [],
            "description": "",
            "destination_ranges": [],
            "direction": "INGRESS",
            "disabled": false,
            "enable_logging": null,
            "id": "projects/atlis-data-workshop/global/firewalls/allow-health-check-metabase",
            "log_config": [],
            "name": "allow-health-check-metabase",
            "network": "https://www.googleapis.com/compute/v1/projects/atlis-data-workshop/global/networks/my-vpc",
            "priority": 1000,
            "project": "atlis-data-workshop",
            "self_link": "https://www.googleapis.com/compute/v1/projects/atlis-data-workshop/global/firewalls/allow-health-check-metabase",
            "source_ranges": [
              "130.211.0.0/22",
              "35.191.0.0/16"
            ],
            "source_service_accounts": null,
            "source_tags": null,
            "target_service_accounts": null,
            "target_tags": [
              "metabase"
            ],
            "timeouts": null
          },
          "sensitive_attributes": [],
          "private": "eyJlMmJmYjczMC1lY2FhLTExZTYtOGY4OC0zNDM2M2JjN2M0YzAiOnsiY3JlYXRlIjoxMjAwMDAwMDAwMDAwLCJkZWxldGUiOjEyMDAwMDAwMDAwMDAsInVwZGF0ZSI6MTIwMDAwMDAwMDAwMH0sInNjaGVtYV92ZXJzaW9uIjoiMSJ9",
          "dependencies": [
            "module.network.google_compute_network.vpc",
            "module.network.google_compute_subnetwork.my-custom-subnet"
          ]
        }
      ]
    },
    {
      "module": "module.network",
      "mode": "managed",
      "type": "google_compute_firewall",
      "name": "custom-allow-http",
      "provider": "module.network.provider[\"registry.terraform.io/hashicorp/google\"]",
      "instances": [
        {
          "schema_version": 1,
          "attributes": {
            "allow": [
              {
                "ports": [
                  "80"
                ],
                "protocol": "tcp"
              }
            ],
            "creation_timestamp": "2024-03-27T15:08:59.144-07:00",
            "deny": [],
            "description": "",
            "destination_ranges": [],
            "direction": "INGRESS",
            "disabled": false,
            "enable_logging": null,
            "id": "projects/atlis-data-workshop/global/firewalls/custom-allow-http",
            "log_config": [],
            "name": "custom-allow-http",
            "network": "https://www.googleapis.com/compute/v1/projects/atlis-data-workshop/global/networks/my-vpc",
            "priority": 1000,
            "project": "atlis-data-workshop",
            "self_link": "https://www.googleapis.com/compute/v1/projects/atlis-data-workshop/global/firewalls/custom-allow-http",
            "source_ranges": [
              "0.0.0.0/0"
            ],
            "source_service_accounts": null,
            "source_tags": null,
            "target_service_accounts": null,
            "target_tags": [
              "http-server"
            ],
            "timeouts": null
          },
          "sensitive_attributes": [],
          "private": "eyJlMmJmYjczMC1lY2FhLTExZTYtOGY4OC0zNDM2M2JjN2M0YzAiOnsiY3JlYXRlIjoxMjAwMDAwMDAwMDAwLCJkZWxldGUiOjEyMDAwMDAwMDAwMDAsInVwZGF0ZSI6MTIwMDAwMDAwMDAwMH0sInNjaGVtYV92ZXJzaW9uIjoiMSJ9",
          "dependencies": [
            "module.network.google_compute_network.vpc",
            "module.network.google_compute_subnetwork.my-custom-subnet"
          ]
        }
      ]
    },
    {
      "module": "module.network",
      "mode": "managed",
      "type": "google_compute_firewall",
      "name": "custom-allow-https",
      "provider": "module.network.provider[\"registry.terraform.io/hashicorp/google\"]",
      "instances": [
        {
          "schema_version": 1,
          "attributes": {
            "allow": [
              {
                "ports": [
                  "443"
                ],
                "protocol": "tcp"
              }
            ],
            "creation_timestamp": "2024-03-27T15:08:59.141-07:00",
            "deny": [],
            "description": "",
            "destination_ranges": [],
            "direction": "INGRESS",
            "disabled": false,
            "enable_logging": null,
            "id": "projects/atlis-data-workshop/global/firewalls/custom-allow-https",
            "log_config": [],
            "name": "custom-allow-https",
            "network": "https://www.googleapis.com/compute/v1/projects/atlis-data-workshop/global/networks/my-vpc",
            "priority": 1000,
            "project": "atlis-data-workshop",
            "self_link": "https://www.googleapis.com/compute/v1/projects/atlis-data-workshop/global/firewalls/custom-allow-https",
            "source_ranges": [
              "0.0.0.0/0"
            ],
            "source_service_accounts": null,
            "source_tags": null,
            "target_service_accounts": null,
            "target_tags": [
              "https-server"
            ],
            "timeouts": null
          },
          "sensitive_attributes": [],
          "private": "eyJlMmJmYjczMC1lY2FhLTExZTYtOGY4OC0zNDM2M2JjN2M0YzAiOnsiY3JlYXRlIjoxMjAwMDAwMDAwMDAwLCJkZWxldGUiOjEyMDAwMDAwMDAwMDAsInVwZGF0ZSI6MTIwMDAwMDAwMDAwMH0sInNjaGVtYV92ZXJzaW9uIjoiMSJ9",
          "dependencies": [
            "module.network.google_compute_network.vpc",
            "module.network.google_compute_subnetwork.my-custom-subnet"
          ]
        }
      ]
    },
    {
      "module": "module.network",
      "mode": "managed",
      "type": "google_compute_firewall",
      "name": "custom-allow-icmp",
      "provider": "module.network.provider[\"registry.terraform.io/hashicorp/google\"]",
      "instances": [
        {
          "schema_version": 1,
          "attributes": {
            "allow": [
              {
                "ports": [],
                "protocol": "icmp"
              }
            ],
            "creation_timestamp": "2024-03-27T15:08:59.250-07:00",
            "deny": [],
            "description": "Allow ICMP from anywhere",
            "destination_ranges": [],
            "direction": "INGRESS",
            "disabled": false,
            "enable_logging": null,
            "id": "projects/atlis-data-workshop/global/firewalls/custom-allow-icmp",
            "log_config": [],
            "name": "custom-allow-icmp",
            "network": "https://www.googleapis.com/compute/v1/projects/atlis-data-workshop/global/networks/my-vpc",
            "priority": 65534,
            "project": "atlis-data-workshop",
            "self_link": "https://www.googleapis.com/compute/v1/projects/atlis-data-workshop/global/firewalls/custom-allow-icmp",
            "source_ranges": [
              "0.0.0.0/0"
            ],
            "source_service_accounts": null,
            "source_tags": null,
            "target_service_accounts": null,
            "target_tags": null,
            "timeouts": null
          },
          "sensitive_attributes": [],
          "private": "eyJlMmJmYjczMC1lY2FhLTExZTYtOGY4OC0zNDM2M2JjN2M0YzAiOnsiY3JlYXRlIjoxMjAwMDAwMDAwMDAwLCJkZWxldGUiOjEyMDAwMDAwMDAwMDAsInVwZGF0ZSI6MTIwMDAwMDAwMDAwMH0sInNjaGVtYV92ZXJzaW9uIjoiMSJ9",
          "dependencies": [
            "module.network.google_compute_network.vpc",
            "module.network.google_compute_subnetwork.my-custom-subnet"
          ]
        }
      ]
    },
    {
      "module": "module.network",
      "mode": "managed",
      "type": "google_compute_firewall",
      "name": "custom-allow-rdp",
      "provider": "module.network.provider[\"registry.terraform.io/hashicorp/google\"]",
      "instances": [
        {
          "schema_version": 1,
          "attributes": {
            "allow": [
              {
                "ports": [
                  "3389"
                ],
                "protocol": "tcp"
              }
            ],
            "creation_timestamp": "2024-03-27T15:08:59.134-07:00",
            "deny": [],
            "description": "Allow RDP from anywhere",
            "destination_ranges": [],
            "direction": "INGRESS",
            "disabled": false,
            "enable_logging": null,
            "id": "projects/atlis-data-workshop/global/firewalls/custom-allow-rdp",
            "log_config": [],
            "name": "custom-allow-rdp",
            "network": "https://www.googleapis.com/compute/v1/projects/atlis-data-workshop/global/networks/my-vpc",
            "priority": 65534,
            "project": "atlis-data-workshop",
            "self_link": "https://www.googleapis.com/compute/v1/projects/atlis-data-workshop/global/firewalls/custom-allow-rdp",
            "source_ranges": [
              "0.0.0.0/0"
            ],
            "source_service_accounts": null,
            "source_tags": null,
            "target_service_accounts": null,
            "target_tags": null,
            "timeouts": null
          },
          "sensitive_attributes": [],
          "private": "eyJlMmJmYjczMC1lY2FhLTExZTYtOGY4OC0zNDM2M2JjN2M0YzAiOnsiY3JlYXRlIjoxMjAwMDAwMDAwMDAwLCJkZWxldGUiOjEyMDAwMDAwMDAwMDAsInVwZGF0ZSI6MTIwMDAwMDAwMDAwMH0sInNjaGVtYV92ZXJzaW9uIjoiMSJ9",
          "dependencies": [
            "module.network.google_compute_network.vpc",
            "module.network.google_compute_subnetwork.my-custom-subnet"
          ]
        }
      ]
    },
    {
      "module": "module.network",
      "mode": "managed",
      "type": "google_compute_firewall",
      "name": "custom-allow-ssh",
      "provider": "module.network.provider[\"registry.terraform.io/hashicorp/google\"]",
      "instances": [
        {
          "schema_version": 1,
          "attributes": {
            "allow": [
              {
                "ports": [
                  "22"
                ],
                "protocol": "tcp"
              }
            ],
            "creation_timestamp": "2024-03-27T15:08:59.134-07:00",
            "deny": [],
            "description": "Allow SSH from anywhere",
            "destination_ranges": [],
            "direction": "INGRESS",
            "disabled": false,
            "enable_logging": null,
            "id": "projects/atlis-data-workshop/global/firewalls/custom-allow-ssh",
            "log_config": [],
            "name": "custom-allow-ssh",
            "network": "https://www.googleapis.com/compute/v1/projects/atlis-data-workshop/global/networks/my-vpc",
            "priority": 65534,
            "project": "atlis-data-workshop",
            "self_link": "https://www.googleapis.com/compute/v1/projects/atlis-data-workshop/global/firewalls/custom-allow-ssh",
            "source_ranges": [
              "0.0.0.0/0"
            ],
            "source_service_accounts": null,
            "source_tags": null,
            "target_service_accounts": null,
            "target_tags": null,
            "timeouts": null
          },
          "sensitive_attributes": [],
          "private": "eyJlMmJmYjczMC1lY2FhLTExZTYtOGY4OC0zNDM2M2JjN2M0YzAiOnsiY3JlYXRlIjoxMjAwMDAwMDAwMDAwLCJkZWxldGUiOjEyMDAwMDAwMDAwMDAsInVwZGF0ZSI6MTIwMDAwMDAwMDAwMH0sInNjaGVtYV92ZXJzaW9uIjoiMSJ9",
          "dependencies": [
            "module.network.google_compute_network.vpc",
            "module.network.google_compute_subnetwork.my-custom-subnet"
          ]
        }
      ]
    },
    {
      "module": "module.network",
      "mode": "managed",
      "type": "google_compute_global_address",
      "name": "airbyte-lb-ipv4",
      "provider": "module.network.provider[\"registry.terraform.io/hashicorp/google\"]",
      "instances": [
        {
          "schema_version": 0,
          "attributes": {
            "address": "35.227.248.236",
            "address_type": "EXTERNAL",
            "creation_timestamp": "2024-03-27T15:09:21.479-07:00",
            "description": "",
            "id": "projects/atlis-data-workshop/global/addresses/airbyte-lb-ipv4",
            "ip_version": "",
            "name": "airbyte-lb-ipv4",
            "network": "",
            "prefix_length": 0,
            "project": "atlis-data-workshop",
            "purpose": "",
            "self_link": "https://www.googleapis.com/compute/v1/projects/atlis-data-workshop/global/addresses/airbyte-lb-ipv4",
            "timeouts": null
          },
          "sensitive_attributes": [],
          "private": "eyJlMmJmYjczMC1lY2FhLTExZTYtOGY4OC0zNDM2M2JjN2M0YzAiOnsiY3JlYXRlIjoxMjAwMDAwMDAwMDAwLCJkZWxldGUiOjEyMDAwMDAwMDAwMDB9fQ==",
          "dependencies": [
            "module.network.google_compute_network.vpc",
            "module.network.google_compute_router.router",
            "module.network.google_compute_router_nat.nat",
            "module.network.google_compute_subnetwork.my-custom-subnet"
          ]
        }
      ]
    },
    {
      "module": "module.network",
      "mode": "managed",
      "type": "google_compute_global_address",
      "name": "metabase-lb-ipv4",
      "provider": "module.network.provider[\"registry.terraform.io/hashicorp/google\"]",
      "instances": [
        {
          "schema_version": 0,
          "attributes": {
            "address": "34.120.158.201",
            "address_type": "EXTERNAL",
            "creation_timestamp": "2024-03-27T15:09:21.345-07:00",
            "description": "",
            "id": "projects/atlis-data-workshop/global/addresses/metabase-lb-ipv4",
            "ip_version": "",
            "name": "metabase-lb-ipv4",
            "network": "",
            "prefix_length": 0,
            "project": "atlis-data-workshop",
            "purpose": "",
            "self_link": "https://www.googleapis.com/compute/v1/projects/atlis-data-workshop/global/addresses/metabase-lb-ipv4",
            "timeouts": null
          },
          "sensitive_attributes": [],
          "private": "eyJlMmJmYjczMC1lY2FhLTExZTYtOGY4OC0zNDM2M2JjN2M0YzAiOnsiY3JlYXRlIjoxMjAwMDAwMDAwMDAwLCJkZWxldGUiOjEyMDAwMDAwMDAwMDB9fQ==",
          "dependencies": [
            "module.network.google_compute_network.vpc",
            "module.network.google_compute_router.router",
            "module.network.google_compute_router_nat.nat",
            "module.network.google_compute_subnetwork.my-custom-subnet"
          ]
        }
      ]
    },
    {
      "module": "module.network",
      "mode": "managed",
      "type": "google_compute_global_forwarding_rule",
      "name": "airbyte_frontend_forwarding_rule",
      "provider": "module.network.provider[\"registry.terraform.io/hashicorp/google\"]",
      "instances": [
        {
          "schema_version": 0,
          "attributes": {
            "description": "",
            "id": "projects/atlis-data-workshop/global/forwardingRules/airbyte-frontend-forwarding-rule",
            "ip_address": "https://www.googleapis.com/compute/v1/projects/atlis-data-workshop/global/addresses/airbyte-lb-ipv4",
            "ip_protocol": "TCP",
            "ip_version": "",
            "label_fingerprint": "42WmSpB8rSM=",
            "labels": null,
            "load_balancing_scheme": "EXTERNAL_MANAGED",
            "metadata_filters": [],
            "name": "airbyte-frontend-forwarding-rule",
            "network": "",
            "port_range": "80",
            "project": "atlis-data-workshop",
            "psc_connection_id": "",
            "psc_connection_status": "",
            "self_link": "https://www.googleapis.com/compute/v1/projects/atlis-data-workshop/global/forwardingRules/airbyte-frontend-forwarding-rule",
            "target": "https://www.googleapis.com/compute/v1/projects/atlis-data-workshop/global/targetHttpProxies/airbyte-frontend-target-proxy",
            "timeouts": null
          },
          "sensitive_attributes": [],
          "private": "eyJlMmJmYjczMC1lY2FhLTExZTYtOGY4OC0zNDM2M2JjN2M0YzAiOnsiY3JlYXRlIjoxMjAwMDAwMDAwMDAwLCJkZWxldGUiOjEyMDAwMDAwMDAwMDAsInVwZGF0ZSI6MTIwMDAwMDAwMDAwMH19",
          "dependencies": [
            "module.network.google_compute_global_address.airbyte-lb-ipv4",
            "module.network.google_compute_network.vpc",
            "module.network.google_compute_router.router",
            "module.network.google_compute_router_nat.nat",
            "module.network.google_compute_subnetwork.my-custom-subnet",
            "module.network.google_compute_target_http_proxy.airbyte_frontend_target_proxy",
            "module.network.google_compute_url_map.airbyte_frontend_redirect"
          ]
        }
      ]
    },
    {
      "module": "module.network",
      "mode": "managed",
      "type": "google_compute_global_forwarding_rule",
      "name": "metabase_frontend_forwarding_rule",
      "provider": "module.network.provider[\"registry.terraform.io/hashicorp/google\"]",
      "instances": [
        {
          "schema_version": 0,
          "attributes": {
            "description": "",
            "id": "projects/atlis-data-workshop/global/forwardingRules/metabase-frontend-forwarding-rule",
            "ip_address": "https://www.googleapis.com/compute/v1/projects/atlis-data-workshop/global/addresses/metabase-lb-ipv4",
            "ip_protocol": "TCP",
            "ip_version": "",
            "label_fingerprint": "42WmSpB8rSM=",
            "labels": null,
            "load_balancing_scheme": "EXTERNAL_MANAGED",
            "metadata_filters": [],
            "name": "metabase-frontend-forwarding-rule",
            "network": "",
            "port_range": "80",
            "project": "atlis-data-workshop",
            "psc_connection_id": "",
            "psc_connection_status": "",
            "self_link": "https://www.googleapis.com/compute/v1/projects/atlis-data-workshop/global/forwardingRules/metabase-frontend-forwarding-rule",
            "target": "https://www.googleapis.com/compute/v1/projects/atlis-data-workshop/global/targetHttpProxies/metabase-frontend-target-proxy",
            "timeouts": null
          },
          "sensitive_attributes": [],
          "private": "eyJlMmJmYjczMC1lY2FhLTExZTYtOGY4OC0zNDM2M2JjN2M0YzAiOnsiY3JlYXRlIjoxMjAwMDAwMDAwMDAwLCJkZWxldGUiOjEyMDAwMDAwMDAwMDAsInVwZGF0ZSI6MTIwMDAwMDAwMDAwMH19",
          "dependencies": [
            "module.network.google_compute_global_address.metabase-lb-ipv4",
            "module.network.google_compute_network.vpc",
            "module.network.google_compute_router.router",
            "module.network.google_compute_router_nat.nat",
            "module.network.google_compute_subnetwork.my-custom-subnet",
            "module.network.google_compute_target_http_proxy.metabase_frontend_target_proxy",
            "module.network.google_compute_url_map.metabase_frontend_redirect"
          ]
        }
      ]
    },
    {
      "module": "module.network",
      "mode": "managed",
      "type": "google_compute_managed_ssl_certificate",
      "name": "airbyte-cert",
      "provider": "module.network.provider[\"registry.terraform.io/hashicorp/google\"]",
      "instances": [
        {
          "schema_version": 0,
          "attributes": {
            "certificate_id": 7118662864606930931,
            "creation_timestamp": "2024-03-27T15:09:32.972-07:00",
            "description": "",
            "expire_time": "",
            "id": "projects/atlis-data-workshop/global/sslCertificates/airbyte-cert",
            "managed": [
              {
                "domains": [
                  "airbyte.harpertech.io"
                ]
              }
            ],
            "name": "airbyte-cert",
            "project": "atlis-data-workshop",
            "self_link": "https://www.googleapis.com/compute/v1/projects/atlis-data-workshop/global/sslCertificates/airbyte-cert",
            "subject_alternative_names": [],
            "timeouts": null,
            "type": "MANAGED"
          },
          "sensitive_attributes": [],
          "private": "eyJlMmJmYjczMC1lY2FhLTExZTYtOGY4OC0zNDM2M2JjN2M0YzAiOnsiY3JlYXRlIjoxODAwMDAwMDAwMDAwLCJkZWxldGUiOjE4MDAwMDAwMDAwMDB9fQ==",
          "dependencies": [
            "module.network.google_compute_global_address.airbyte-lb-ipv4",
            "module.network.google_compute_network.vpc",
            "module.network.google_compute_router.router",
            "module.network.google_compute_router_nat.nat",
            "module.network.google_compute_subnetwork.my-custom-subnet"
          ]
        }
      ]
    },
    {
      "module": "module.network",
      "mode": "managed",
      "type": "google_compute_managed_ssl_certificate",
      "name": "metabase-cert",
      "provider": "module.network.provider[\"registry.terraform.io/hashicorp/google\"]",
      "instances": [
        {
          "schema_version": 0,
          "attributes": {
            "certificate_id": 8277371455393048563,
            "creation_timestamp": "2024-03-27T15:09:32.777-07:00",
            "description": "",
            "expire_time": "",
            "id": "projects/atlis-data-workshop/global/sslCertificates/metabase-cert",
            "managed": [
              {
                "domains": [
                  "metabase.harpertech.io"
                ]
              }
            ],
            "name": "metabase-cert",
            "project": "atlis-data-workshop",
            "self_link": "https://www.googleapis.com/compute/v1/projects/atlis-data-workshop/global/sslCertificates/metabase-cert",
            "subject_alternative_names": [],
            "timeouts": null,
            "type": "MANAGED"
          },
          "sensitive_attributes": [],
          "private": "eyJlMmJmYjczMC1lY2FhLTExZTYtOGY4OC0zNDM2M2JjN2M0YzAiOnsiY3JlYXRlIjoxODAwMDAwMDAwMDAwLCJkZWxldGUiOjE4MDAwMDAwMDAwMDB9fQ==",
          "dependencies": [
            "module.network.google_compute_global_address.metabase-lb-ipv4",
            "module.network.google_compute_network.vpc",
            "module.network.google_compute_router.router",
            "module.network.google_compute_router_nat.nat",
            "module.network.google_compute_subnetwork.my-custom-subnet"
          ]
        }
      ]
    },
    {
      "module": "module.network",
      "mode": "managed",
      "type": "google_compute_network",
      "name": "vpc",
      "provider": "module.network.provider[\"registry.terraform.io/hashicorp/google\"]",
      "instances": [
        {
          "schema_version": 0,
          "attributes": {
            "auto_create_subnetworks": false,
            "delete_default_routes_on_create": false,
            "description": "",
            "enable_ula_internal_ipv6": false,
            "gateway_ipv4": "",
            "id": "projects/atlis-data-workshop/global/networks/my-vpc",
            "internal_ipv6_range": "",
            "mtu": 0,
            "name": "my-vpc",
            "project": "atlis-data-workshop",
            "routing_mode": "REGIONAL",
            "self_link": "https://www.googleapis.com/compute/v1/projects/atlis-data-workshop/global/networks/my-vpc",
            "timeouts": null
          },
          "sensitive_attributes": [],
          "private": "eyJlMmJmYjczMC1lY2FhLTExZTYtOGY4OC0zNDM2M2JjN2M0YzAiOnsiY3JlYXRlIjoxMjAwMDAwMDAwMDAwLCJkZWxldGUiOjEyMDAwMDAwMDAwMDAsInVwZGF0ZSI6MTIwMDAwMDAwMDAwMH19"
        }
      ]
    },
    {
      "module": "module.network",
      "mode": "managed",
      "type": "google_compute_router",
      "name": "router",
      "provider": "module.network.provider[\"registry.terraform.io/hashicorp/google\"]",
      "instances": [
        {
          "schema_version": 0,
          "attributes": {
            "bgp": [],
            "creation_timestamp": "2024-03-27T15:08:59.458-07:00",
            "description": "",
            "encrypted_interconnect_router": false,
            "id": "projects/atlis-data-workshop/regions/us-west1/routers/nat-router",
            "name": "nat-router",
            "network": "https://www.googleapis.com/compute/v1/projects/atlis-data-workshop/global/networks/my-vpc",
            "project": "atlis-data-workshop",
            "region": "us-west1",
            "self_link": "https://www.googleapis.com/compute/v1/projects/atlis-data-workshop/regions/us-west1/routers/nat-router",
            "timeouts": null
          },
          "sensitive_attributes": [],
          "private": "eyJlMmJmYjczMC1lY2FhLTExZTYtOGY4OC0zNDM2M2JjN2M0YzAiOnsiY3JlYXRlIjoxMjAwMDAwMDAwMDAwLCJkZWxldGUiOjEyMDAwMDAwMDAwMDAsInVwZGF0ZSI6MTIwMDAwMDAwMDAwMH19",
          "dependencies": [
            "module.network.google_compute_network.vpc",
            "module.network.google_compute_subnetwork.my-custom-subnet"
          ]
        }
      ]
    },
    {
      "module": "module.network",
      "mode": "managed",
      "type": "google_compute_router_nat",
      "name": "nat",
      "provider": "module.network.provider[\"registry.terraform.io/hashicorp/google\"]",
      "instances": [
        {
          "schema_version": 0,
          "attributes": {
            "drain_nat_ips": null,
            "enable_dynamic_port_allocation": false,
            "enable_endpoint_independent_mapping": true,
            "icmp_idle_timeout_sec": 30,
            "id": "atlis-data-workshop/us-west1/nat-router/my-router-nat",
            "log_config": [
              {
                "enable": true,
                "filter": "ERRORS_ONLY"
              }
            ],
            "max_ports_per_vm": 0,
            "min_ports_per_vm": 0,
            "name": "my-router-nat",
            "nat_ip_allocate_option": "AUTO_ONLY",
            "nat_ips": null,
            "project": "atlis-data-workshop",
            "region": "us-west1",
            "router": "nat-router",
            "source_subnetwork_ip_ranges_to_nat": "ALL_SUBNETWORKS_ALL_IP_RANGES",
            "subnetwork": [],
            "tcp_established_idle_timeout_sec": 1200,
            "tcp_transitory_idle_timeout_sec": 30,
            "timeouts": null,
            "udp_idle_timeout_sec": 30
          },
          "sensitive_attributes": [],
          "private": "eyJlMmJmYjczMC1lY2FhLTExZTYtOGY4OC0zNDM2M2JjN2M0YzAiOnsiY3JlYXRlIjoxMjAwMDAwMDAwMDAwLCJkZWxldGUiOjEyMDAwMDAwMDAwMDAsInVwZGF0ZSI6MTIwMDAwMDAwMDAwMH19",
          "dependencies": [
            "module.network.google_compute_network.vpc",
            "module.network.google_compute_router.router",
            "module.network.google_compute_subnetwork.my-custom-subnet"
          ]
        }
      ]
    },
    {
      "module": "module.network",
      "mode": "managed",
      "type": "google_compute_subnetwork",
      "name": "my-custom-subnet",
      "provider": "module.network.provider[\"registry.terraform.io/hashicorp/google\"]",
      "instances": [
        {
          "schema_version": 0,
          "attributes": {
            "creation_timestamp": "2024-03-27T15:08:38.096-07:00",
            "description": "",
            "external_ipv6_prefix": "",
            "fingerprint": null,
            "gateway_address": "10.10.0.1",
            "id": "projects/atlis-data-workshop/regions/us-west1/subnetworks/my-custom-subnet-2",
            "ip_cidr_range": "10.10.0.0/24",
            "ipv6_access_type": "",
            "ipv6_cidr_range": "",
            "log_config": [],
            "name": "my-custom-subnet-2",
            "network": "https://www.googleapis.com/compute/v1/projects/atlis-data-workshop/global/networks/my-vpc",
            "private_ip_google_access": false,
            "private_ipv6_google_access": "DISABLE_GOOGLE_ACCESS",
            "project": "atlis-data-workshop",
            "purpose": "PRIVATE",
            "region": "us-west1",
            "role": "",
            "secondary_ip_range": [],
            "self_link": "https://www.googleapis.com/compute/v1/projects/atlis-data-workshop/regions/us-west1/subnetworks/my-custom-subnet-2",
            "stack_type": "IPV4_ONLY",
            "timeouts": null
          },
          "sensitive_attributes": [],
          "private": "eyJlMmJmYjczMC1lY2FhLTExZTYtOGY4OC0zNDM2M2JjN2M0YzAiOnsiY3JlYXRlIjoxMjAwMDAwMDAwMDAwLCJkZWxldGUiOjEyMDAwMDAwMDAwMDAsInVwZGF0ZSI6MTIwMDAwMDAwMDAwMH19",
          "dependencies": [
            "module.network.google_compute_network.vpc"
          ]
        }
      ]
    },
    {
      "module": "module.network",
      "mode": "managed",
      "type": "google_compute_target_http_proxy",
      "name": "airbyte_frontend_target_proxy",
      "provider": "module.network.provider[\"registry.terraform.io/hashicorp/google\"]",
      "instances": [
        {
          "schema_version": 0,
          "attributes": {
            "creation_timestamp": "2024-03-27T15:08:26.331-07:00",
            "description": "",
            "id": "projects/atlis-data-workshop/global/targetHttpProxies/airbyte-frontend-target-proxy",
            "name": "airbyte-frontend-target-proxy",
            "project": "atlis-data-workshop",
            "proxy_bind": false,
            "proxy_id": 1634703223546258997,
            "self_link": "https://www.googleapis.com/compute/v1/projects/atlis-data-workshop/global/targetHttpProxies/airbyte-frontend-target-proxy",
            "timeouts": null,
            "url_map": "https://www.googleapis.com/compute/v1/projects/atlis-data-workshop/global/urlMaps/airbyte-frontend-redirect"
          },
          "sensitive_attributes": [],
          "private": "eyJlMmJmYjczMC1lY2FhLTExZTYtOGY4OC0zNDM2M2JjN2M0YzAiOnsiY3JlYXRlIjoxMjAwMDAwMDAwMDAwLCJkZWxldGUiOjEyMDAwMDAwMDAwMDAsInVwZGF0ZSI6MTIwMDAwMDAwMDAwMH19",
          "dependencies": [
            "module.network.google_compute_url_map.airbyte_frontend_redirect"
          ]
        }
      ]
    },
    {
      "module": "module.network",
      "mode": "managed",
      "type": "google_compute_target_http_proxy",
      "name": "metabase_frontend_target_proxy",
      "provider": "module.network.provider[\"registry.terraform.io/hashicorp/google\"]",
      "instances": [
        {
          "schema_version": 0,
          "attributes": {
            "creation_timestamp": "2024-03-27T15:08:26.737-07:00",
            "description": "",
            "id": "projects/atlis-data-workshop/global/targetHttpProxies/metabase-frontend-target-proxy",
            "name": "metabase-frontend-target-proxy",
            "project": "atlis-data-workshop",
            "proxy_bind": false,
            "proxy_id": 3058420749718595125,
            "self_link": "https://www.googleapis.com/compute/v1/projects/atlis-data-workshop/global/targetHttpProxies/metabase-frontend-target-proxy",
            "timeouts": null,
            "url_map": "https://www.googleapis.com/compute/v1/projects/atlis-data-workshop/global/urlMaps/metabase-frontend-redirect"
          },
          "sensitive_attributes": [],
          "private": "eyJlMmJmYjczMC1lY2FhLTExZTYtOGY4OC0zNDM2M2JjN2M0YzAiOnsiY3JlYXRlIjoxMjAwMDAwMDAwMDAwLCJkZWxldGUiOjEyMDAwMDAwMDAwMDAsInVwZGF0ZSI6MTIwMDAwMDAwMDAwMH19",
          "dependencies": [
            "module.network.google_compute_url_map.metabase_frontend_redirect"
          ]
        }
      ]
    },
    {
      "module": "module.network",
      "mode": "managed",
      "type": "google_compute_url_map",
      "name": "airbyte_frontend_redirect",
      "provider": "module.network.provider[\"registry.terraform.io/hashicorp/google\"]",
      "instances": [
        {
          "schema_version": 0,
          "attributes": {
            "creation_timestamp": "2024-03-27T15:08:14.789-07:00",
            "default_route_action": [],
            "default_service": "",
            "default_url_redirect": [
              {
                "host_redirect": "",
                "https_redirect": true,
                "path_redirect": "",
                "prefix_redirect": "",
                "redirect_response_code": "MOVED_PERMANENTLY_DEFAULT",
                "strip_query": false
              }
            ],
            "description": "Automatically generated HTTP to HTTPS redirect for the airbyte-frontend forwarding rule",
            "fingerprint": "erhWCDWwWuo=",
            "header_action": [],
            "host_rule": [],
            "id": "projects/atlis-data-workshop/global/urlMaps/airbyte-frontend-redirect",
            "map_id": 1827221262823925281,
            "name": "airbyte-frontend-redirect",
            "path_matcher": [],
            "project": "atlis-data-workshop",
            "self_link": "https://www.googleapis.com/compute/v1/projects/atlis-data-workshop/global/urlMaps/airbyte-frontend-redirect",
            "test": [],
            "timeouts": null
          },
          "sensitive_attributes": [],
          "private": "eyJlMmJmYjczMC1lY2FhLTExZTYtOGY4OC0zNDM2M2JjN2M0YzAiOnsiY3JlYXRlIjoxMjAwMDAwMDAwMDAwLCJkZWxldGUiOjEyMDAwMDAwMDAwMDAsInVwZGF0ZSI6MTIwMDAwMDAwMDAwMH19"
        }
      ]
    },
    {
      "module": "module.network",
      "mode": "managed",
      "type": "google_compute_url_map",
      "name": "metabase_frontend_redirect",
      "provider": "module.network.provider[\"registry.terraform.io/hashicorp/google\"]",
      "instances": [
        {
          "schema_version": 0,
          "attributes": {
            "creation_timestamp": "2024-03-27T15:08:15.502-07:00",
            "default_route_action": [],
            "default_service": "",
            "default_url_redirect": [
              {
                "host_redirect": "",
                "https_redirect": true,
                "path_redirect": "",
                "prefix_redirect": "",
                "redirect_response_code": "MOVED_PERMANENTLY_DEFAULT",
                "strip_query": false
              }
            ],
            "description": "Automatically generated HTTP to HTTPS redirect for the metabase-frontend forwarding rule",
            "fingerprint": "5eIJWtGya8Q=",
            "header_action": [],
            "host_rule": [],
            "id": "projects/atlis-data-workshop/global/urlMaps/metabase-frontend-redirect",
            "map_id": 1717727187645834784,
            "name": "metabase-frontend-redirect",
            "path_matcher": [],
            "project": "atlis-data-workshop",
            "self_link": "https://www.googleapis.com/compute/v1/projects/atlis-data-workshop/global/urlMaps/metabase-frontend-redirect",
            "test": [],
            "timeouts": null
          },
          "sensitive_attributes": [],
          "private": "eyJlMmJmYjczMC1lY2FhLTExZTYtOGY4OC0zNDM2M2JjN2M0YzAiOnsiY3JlYXRlIjoxMjAwMDAwMDAwMDAwLCJkZWxldGUiOjEyMDAwMDAwMDAwMDAsInVwZGF0ZSI6MTIwMDAwMDAwMDAwMH19"
        }
      ]
    },
    {
      "module": "module.network",
      "mode": "managed",
      "type": "google_iap_brand",
      "name": "iap_brand",
      "provider": "module.network.provider[\"registry.terraform.io/hashicorp/google\"]",
      "instances": [
        {
          "schema_version": 0,
          "attributes": {
            "application_title": "Cloud IAP protected Application",
            "id": "projects/1001632829275/brands/1001632829275",
            "name": "projects/1001632829275/brands/1001632829275",
            "org_internal_only": true,
            "project": "atlis-data-workshop",
            "support_email": "techsupport@harpertech.io",
            "timeouts": null
          },
          "sensitive_attributes": [],
          "private": "eyJlMmJmYjczMC1lY2FhLTExZTYtOGY4OC0zNDM2M2JjN2M0YzAiOnsiY3JlYXRlIjoxMjAwMDAwMDAwMDAwLCJkZWxldGUiOjEyMDAwMDAwMDAwMDB9fQ==",
          "dependencies": [
            "module.network.google_compute_global_address.airbyte-lb-ipv4",
            "module.network.google_compute_global_address.metabase-lb-ipv4",
            "module.network.google_compute_managed_ssl_certificate.airbyte-cert",
            "module.network.google_compute_managed_ssl_certificate.metabase-cert",
            "module.network.google_compute_network.vpc",
            "module.network.google_compute_router.router",
            "module.network.google_compute_router_nat.nat",
            "module.network.google_compute_subnetwork.my-custom-subnet"
          ]
        }
      ]
    },
    {
      "module": "module.network",
      "mode": "managed",
      "type": "google_iap_client",
      "name": "iap_client",
      "provider": "module.network.provider[\"registry.terraform.io/hashicorp/google\"]",
      "instances": [
        {
          "schema_version": 0,
          "attributes": {
            "brand": "projects/1001632829275/brands/1001632829275",
            "client_id": "1001632829275-2c3osp5h4cvkmh48n7rl9dfu7uvsln9c.apps.googleusercontent.com",
            "display_name": "Test Client",
            "id": "projects/1001632829275/brands/1001632829275/identityAwareProxyClients/1001632829275-2c3osp5h4cvkmh48n7rl9dfu7uvsln9c.apps.googleusercontent.com",
            "secret": "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",
            "timeouts": null
          },
          "sensitive_attributes": [],
          "private": "eyJlMmJmYjczMC1lY2FhLTExZTYtOGY4OC0zNDM2M2JjN2M0YzAiOnsiY3JlYXRlIjoxMjAwMDAwMDAwMDAwLCJkZWxldGUiOjEyMDAwMDAwMDAwMDB9fQ==",
          "dependencies": [
            "module.network.google_compute_global_address.airbyte-lb-ipv4",
            "module.network.google_compute_global_address.metabase-lb-ipv4",
            "module.network.google_compute_managed_ssl_certificate.airbyte-cert",
            "module.network.google_compute_managed_ssl_certificate.metabase-cert",
            "module.network.google_compute_network.vpc",
            "module.network.google_compute_router.router",
            "module.network.google_compute_router_nat.nat",
            "module.network.google_compute_subnetwork.my-custom-subnet",
            "module.network.google_iap_brand.iap_brand"
          ]
        }
      ]
    }
  ],
  "check_results": null
}
